
Microsoft Visual Studio Solution File, Format Version 12.00
# Visual Studio 2012
Project("{FAE04EC0-301F-11D3-BF4B-00C04F79EFBC}") = "WpfApplication2", "WpfApplication2\WpfApplication2.csproj", "{CE1A09EC-B6C8-4564-AB68-D44ED3EBF041}"
EndProject
Global
	GlobalSection(SolutionConfigurationPlatforms) = preSolution
		Debug|Any CPU = Debug|Any CPU
		Release|Any CPU = Release|Any CPU
	EndGlobalSection
	GlobalSection(ProjectConfigurationPlatforms) = postSolution
		{CE1A09EC-B6C8-4564-AB68-D44ED3EBF041}.Debug|Any CPU.ActiveCfg = Debug|Any CPU
		{CE1A09EC-B6C8-4564-AB68-D44ED3EBF041}.Debug|Any CPU.Build.0 = Debug|Any CPU
		{CE1A09EC-B6C8-4564-AB68-D44ED3EBF041}.Release|Any CPU.ActiveCfg = Release|Any CPU
		{CE1A09EC-B6C8-4564-AB68-D44ED3EBF041}.Release|Any CPU.Build.0 = Release|Any CPU
	EndGlobalSection
	GlobalSection(SolutionProperties) = preSolution
		HideSolutionNode = FALSE
	EndGlobalSection
EndGlobal
